
Microsoft Visual Studio Solution File, Format Version 12.00
# Visual Studio Version 16
VisualStudioVersion = 16.0.29102.190
MinimumVisualStudioVersion = 10.0.40219.1
Project("{FAE04EC0-301F-11D3-BF4B-00C04F79EFBC}") = "DockerApp", "DockerApp\DockerApp.csproj", "{CA96A406-9954-447B-A99F-10124E9E1FE8}"
EndProject
Global
	GlobalSection(SolutionConfigurationPlatforms) = preSolution
		Debug|Any CPU = Debug|Any CPU
		Release|Any CPU = Release|Any CPU
	EndGlobalSection
	GlobalSection(ProjectConfigurationPlatforms) = postSolution
		{CA96A406-9954-447B-A99F-10124E9E1FE8}.Debug|Any CPU.ActiveCfg = Debug|Any CPU
		{CA96A406-9954-447B-A99F-10124E9E1FE8}.Debug|Any CPU.Build.0 = Debug|Any CPU
		{CA96A406-9954-447B-A99F-10124E9E1FE8}.Release|Any CPU.ActiveCfg = Release|Any CPU
		{CA96A406-9954-447B-A99F-10124E9E1FE8}.Release|Any CPU.Build.0 = Release|Any CPU
	EndGlobalSection
	GlobalSection(SolutionProperties) = preSolution
		HideSolutionNode = FALSE
	EndGlobalSection
	GlobalSection(ExtensibilityGlobals) = postSolution
		SolutionGuid = {F4BA959B-F628-459A-A27C-7E5B6F8E587E}
	EndGlobalSection
EndGlobal
